// !$*UTF8*$!
{
	archiveVersion = 1;
	classes = {
	};
	objectVersion = 77;
	objects = {

/* Begin PBXContainerItemProxy section */
		089C9E1E2D96A16900320FAC /* PBXContainerItemProxy */ = {
			isa = PBXContainerItemProxy;
			containerPortal = 089C9E052D96A16600320FAC /* Project object */;
			proxyType = 1;
			remoteGlobalIDString = 089C9E0C2D96A16600320FAC;
			remoteInfo = InditexRickAndMorty;
		};
		089C9E282D96A16900320FAC /* PBXContainerItemProxy */ = {
			isa = PBXContainerItemProxy;
			containerPortal = 089C9E052D96A16600320FAC /* Project object */;
			proxyType = 1;
			remoteGlobalIDString = 089C9E0C2D96A16600320FAC;
			remoteInfo = InditexRickAndMorty;
		};
/* End PBXContainerItemProxy section */

/* Begin PBXFileReference section */
		089C9E0D2D96A16600320FAC /* InditexRickAndMorty.app */ = {isa = PBXFileReference; explicitFileType = wrapper.application; includeInIndex = 0; path = InditexRickAndMorty.app; sourceTree = BUILT_PRODUCTS_DIR; };
		089C9E1D2D96A16900320FAC /* InditexRickAndMortyTests.xctest */ = {isa = PBXFileReference; explicitFileType = wrapper.cfbundle; includeInIndex = 0; path = InditexRickAndMortyTests.xctest; sourceTree = BUILT_PRODUCTS_DIR; };
		089C9E272D96A16900320FAC /* InditexRickAndMortyUITests.xctest */ = {isa = PBXFileReference; explicitFileType = wrapper.cfbundle; includeInIndex = 0; path = InditexRickAndMortyUITests.xctest; sourceTree = BUILT_PRODUCTS_DIR; };
/* End PBXFileReference section */

/* Begin PBXFileSystemSynchronizedRootGroup section */
		089C9E0F2D96A16600320FAC /* InditexRickAndMorty */ = {
			isa = PBXFileSystemSynchronizedRootGroup;
			path = InditexRickAndMorty;
			sourceTree = "<group>";
		};
		089C9E202D96A16900320FAC /* InditexRickAndMortyTests */ = {
			isa = PBXFileSystemSynchronizedRootGroup;
			path = InditexRickAndMortyTests;
			sourceTree = "<group>";
		};
		089C9E2A2D96A16900320FAC /* InditexRickAndMortyUITests */ = {
			isa = PBXFileSystemSynchronizedRootGroup;
			path = InditexRickAndMortyUITests;
			sourceTree = "<group>";
		};
/* End PBXFileSystemSynchronizedRootGroup section */

/* Begin PBXFrameworksBuildPhase section */
		089C9E0A2D96A16600320FAC /* Frameworks */ = {
			isa = PBXFrameworksBuildPhase;
			buildActionMask = 2147483647;
			files = (
			);
			runOnlyForDeploymentPostprocessing = 0;
		};
		089C9E1A2D96A16900320FAC /* Frameworks */ = {
			isa = PBXFrameworksBuildPhase;
			buildActionMask = 2147483647;
			files = (
			);
			runOnlyForDeploymentPostprocessing = 0;
		};
		089C9E242D96A16900320FAC /* Frameworks */ = {
			isa = PBXFrameworksBuildPhase;
			buildActionMask = 2147483647;
			files = (
			);
			runOnlyForDeploymentPostprocessing = 0;
		};
/* End PBXFrameworksBuildPhase section */

/* Begin PBXGroup section */
		089C9E042D96A16600320FAC = {
			isa = PBXGroup;
			children = (
				089C9E0F2D96A16600320FAC /* InditexRickAndMorty */,
				089C9E202D96A16900320FAC /* InditexRickAndMortyTests */,
				089C9E2A2D96A16900320FAC /* InditexRickAndMortyUITests */,
				089C9E0E2D96A16600320FAC /* Products */,
			);
			sourceTree = "<group>";
		};
		089C9E0E2D96A16600320FAC /* Products */ = {
			isa = PBXGroup;
			children = (
				089C9E0D2D96A16600320FAC /* InditexRickAndMorty.app */,
				089C9E1D2D96A16900320FAC /* InditexRickAndMortyTests.xctest */,
				089C9E272D96A16900320FAC /* InditexRickAndMortyUITests.xctest */,
			);
			name = Products;
			sourceTree = "<group>";
		};
/* End PBXGroup section */

/* Begin PBXNativeTarget section */
		089C9E0C2D96A16600320FAC /* InditexRickAndMorty */ = {
			isa = PBXNativeTarget;
			buildConfigurationList = 089C9E312D96A16900320FAC /* Build configuration list for PBXNativeTarget "InditexRickAndMorty" */;
			buildPhases = (
				089C9E092D96A16600320FAC /* Sources */,
				089C9E0A2D96A16600320FAC /* Frameworks */,
				089C9E0B2D96A16600320FAC /* Resources */,
			);
			buildRules = (
			);
			dependencies = (
			);
			fileSystemSynchronizedGroups = (
				089C9E0F2D96A16600320FAC /* InditexRickAndMorty */,
			);
			name = InditexRickAndMorty;
			packageProductDependencies = (
			);
			productName = InditexRickAndMorty;
			productReference = 089C9E0D2D96A16600320FAC /* InditexRickAndMorty.app */;
			productType = "com.apple.product-type.application";
		};
		089C9E1C2D96A16900320FAC /* InditexRickAndMortyTests */ = {
			isa = PBXNativeTarget;
			buildConfigurationList = 089C9E342D96A16900320FAC /* Build configuration list for PBXNativeTarget "InditexRickAndMortyTests" */;
			buildPhases = (
				089C9E192D96A16900320FAC /* Sources */,
				089C9E1A2D96A16900320FAC /* Frameworks */,
				089C9E1B2D96A16900320FAC /* Resources */,
			);
			buildRules = (
			);
			dependencies = (
				089C9E1F2D96A16900320FAC /* PBXTargetDependency */,
			);
			fileSystemSynchronizedGroups = (
				089C9E202D96A16900320FAC /* InditexRickAndMortyTests */,
			);
			name = InditexRickAndMortyTests;
			packageProductDependencies = (
			);
			productName = InditexRickAndMortyTests;
			productReference = 089C9E1D2D96A16900320FAC /* InditexRickAndMortyTests.xctest */;
			productType = "com.apple.product-type.bundle.unit-test";
		};
		089C9E262D96A16900320FAC /* InditexRickAndMortyUITests */ = {
			isa = PBXNativeTarget;
			buildConfigurationList = 089C9E372D96A16900320FAC /* Build configuration list for PBXNativeTarget "InditexRickAndMortyUITests" */;
			buildPhases = (
				089C9E232D96A16900320FAC /* Sources */,
				089C9E242D96A16900320FAC /* Frameworks */,
				089C9E252D96A16900320FAC /* Resources */,
			);
			buildRules = (
			);
			dependencies = (
				089C9E292D96A16900320FAC /* PBXTargetDependency */,
			);
			fileSystemSynchronizedGroups = (
				089C9E2A2D96A16900320FAC /* InditexRickAndMortyUITests */,
			);
			name = InditexRickAndMortyUITests;
			packageProductDependencies = (
			);
			productName = InditexRickAndMortyUITests;
			productReference = 089C9E272D96A16900320FAC /* InditexRickAndMortyUITests.xctest */;
			productType = "com.apple.product-type.bundle.ui-testing";
		};
/* End PBXNativeTarget section */

/* Begin PBXProject section */
		089C9E052D96A16600320FAC /* Project object */ = {
			isa = PBXProject;
			attributes = {
				BuildIndependentTargetsInParallel = 1;
				LastSwiftUpdateCheck = 1620;
				LastUpgradeCheck = 1620;
				TargetAttributes = {
					089C9E0C2D96A16600320FAC = {
						CreatedOnToolsVersion = 16.2;
					};
					089C9E1C2D96A16900320FAC = {
						CreatedOnToolsVersion = 16.2;
						TestTargetID = 089C9E0C2D96A16600320FAC;
					};
					089C9E262D96A16900320FAC = {
						CreatedOnToolsVersion = 16.2;
						TestTargetID = 089C9E0C2D96A16600320FAC;
					};
				};
			};
			buildConfigurationList = 089C9E082D96A16600320FAC /* Build configuration list for PBXProject "InditexRickAndMorty" */;
			developmentRegion = en;
			hasScannedForEncodings = 0;
			knownRegions = (
				en,
				Base,
			);
			mainGroup = 089C9E042D96A16600320FAC;
			minimizedProjectReferenceProxies = 1;
			preferredProjectObjectVersion = 77;
			productRefGroup = 089C9E0E2D96A16600320FAC /* Products */;
			projectDirPath = "";
			projectRoot = "";
			targets = (
				089C9E0C2D96A16600320FAC /* InditexRickAndMorty */,
				089C9E1C2D96A16900320FAC /* InditexRickAndMortyTests */,
				089C9E262D96A16900320FAC /* InditexRickAndMortyUITests */,
			);
		};
/* End PBXProject section */

/* Begin PBXResourcesBuildPhase section */
		089C9E0B2D96A16600320FAC /* Resources */ = {
			isa = PBXResourcesBuildPhase;
			buildActionMask = 2147483647;
			files = (
			);
			runOnlyForDeploymentPostprocessing = 0;
		};
		089C9E1B2D96A16900320FAC /* Resources */ = {
			isa = PBXResourcesBuildPhase;
			buildActionMask = 2147483647;
			files = (
			);
			runOnlyForDeploymentPostprocessing = 0;
		};
		089C9E252D96A16900320FAC /* Resources */ = {
			isa = PBXResourcesBuildPhase;
			buildActionMask = 2147483647;
			files = (
			);
			runOnlyForDeploymentPostprocessing = 0;
		};
/* End PBXResourcesBuildPhase section */

/* Begin PBXSourcesBuildPhase section */
		089C9E092D96A16600320FAC /* Sources */ = {
			isa = PBXSourcesBuildPhase;
			buildActionMask = 2147483647;
			files = (
			);
			runOnlyForDeploymentPostprocessing = 0;
		};
		089C9E192D96A16900320FAC /* Sources */ = {
			isa = PBXSourcesBuildPhase;
			buildActionMask = 2147483647;
			files = (
			);
			runOnlyForDeploymentPostprocessing = 0;
		};
		089C9E232D96A16900320FAC /* Sources */ = {
			isa = PBXSourcesBuildPhase;
			buildActionMask = 2147483647;
			files = (
			);
			runOnlyForDeploymentPostprocessing = 0;
		};
/* End PBXSourcesBuildPhase section */

/* Begin PBXTargetDependency section */
		089C9E1F2D96A16900320FAC /* PBXTargetDependency */ = {
			isa = PBXTargetDependency;
			target = 089C9E0C2D96A16600320FAC /* InditexRickAndMorty */;
			targetProxy = 089C9E1E2D96A16900320FAC /* PBXContainerItemProxy */;
		};
		089C9E292D96A16900320FAC /* PBXTargetDependency */ = {
			isa = PBXTargetDependency;
			target = 089C9E0C2D96A16600320FAC /* InditexRickAndMorty */;
			targetProxy = 089C9E282D96A16900320FAC /* PBXContainerItemProxy */;
		};
/* End PBXTargetDependency section */

/* Begin XCBuildConfiguration section */
		089C9E2F2D96A16900320FAC /* Debug */ = {
			isa = XCBuildConfiguration;
			buildSettings = {
				ALWAYS_SEARCH_USER_PATHS = NO;
				ASSETCATALOG_COMPILER_GENERATE_SWIFT_ASSET_SYMBOL_EXTENSIONS = YES;
				CLANG_ANALYZER_NONNULL = YES;
				CLANG_ANALYZER_NUMBER_OBJECT_CONVERSION = YES_AGGRESSIVE;
				CLANG_CXX_LANGUAGE_STANDARD = "gnu++20";
				CLANG_ENABLE_MODULES = YES;
				CLANG_ENABLE_OBJC_ARC = YES;
				CLANG_ENABLE_OBJC_WEAK = YES;
				CLANG_WARN_BLOCK_CAPTURE_AUTORELEASING = YES;
				CLANG_WARN_BOOL_CONVERSION = YES;
				CLANG_WARN_COMMA = YES;
				CLANG_WARN_CONSTANT_CONVERSION = YES;
				CLANG_WARN_DEPRECATED_OBJC_IMPLEMENTATIONS = YES;
				CLANG_WARN_DIRECT_OBJC_ISA_USAGE = YES_ERROR;
				CLANG_WARN_DOCUMENTATION_COMMENTS = YES;
				CLANG_WARN_EMPTY_BODY = YES;
				CLANG_WARN_ENUM_CONVERSION = YES;
				CLANG_WARN_INFINITE_RECURSION = YES;
				CLANG_WARN_INT_CONVERSION = YES;
				CLANG_WARN_NON_LITERAL_NULL_CONVERSION = YES;
				CLANG_WARN_OBJC_IMPLICIT_RETAIN_SELF = YES;
				CLANG_WARN_OBJC_LITERAL_CONVERSION = YES;
				CLANG_WARN_OBJC_ROOT_CLASS = YES_ERROR;
				CLANG_WARN_QUOTED_INCLUDE_IN_FRAMEWORK_HEADER = YES;
				CLANG_WARN_RANGE_LOOP_ANALYSIS = YES;
				CLANG_WARN_STRICT_PROTOTYPES = YES;
				CLANG_WARN_SUSPICIOUS_MOVE = YES;
				CLANG_WARN_UNGUARDED_AVAILABILITY = YES_AGGRESSIVE;
				CLANG_WARN_UNREACHABLE_CODE = YES;
				CLANG_WARN__DUPLICATE_METHOD_MATCH = YES;
				COPY_PHASE_STRIP = NO;
				DEBUG_INFORMATION_FORMAT = dwarf;
				ENABLE_STRICT_OBJC_MSGSEND = YES;
				ENABLE_TESTABILITY = YES;
				ENABLE_USER_SCRIPT_SANDBOXING = YES;
				GCC_C_LANGUAGE_STANDARD = gnu17;
				GCC_DYNAMIC_NO_PIC = NO;
				GCC_NO_COMMON_BLOCKS = YES;
				GCC_OPTIMIZATION_LEVEL = 0;
				GCC_PREPROCESSOR_DEFINITIONS = (
					"DEBUG=1",
					"$(inherited)",
				);
				GCC_WARN_64_TO_32_BIT_CONVERSION = YES;
				GCC_WARN_ABOUT_RETURN_TYPE = YES_ERROR;
				GCC_WARN_UNDECLARED_SELECTOR = YES;
				GCC_WARN_UNINITIALIZED_AUTOS = YES_AGGRESSIVE;
				GCC_WARN_UNUSED_FUNCTION = YES;
				GCC_WARN_UNUSED_VARIABLE = YES;
				IPHONEOS_DEPLOYMENT_TARGET = 18.2;
				LOCALIZATION_PREFERS_STRING_CATALOGS = YES;
				MTL_ENABLE_DEBUG_INFO = INCLUDE_SOURCE;
				MTL_FAST_MATH = YES;
				ONLY_ACTIVE_ARCH = YES;
				SDKROOT = iphoneos;
				SWIFT_ACTIVE_COMPILATION_CONDITIONS = "DEBUG $(inherited)";
				SWIFT_OPTIMIZATION_LEVEL = "-Onone";
			};
			name = Debug;
		};
		089C9E302D96A16900320FAC /* Release */ = {
			isa = XCBuildConfiguration;
			buildSettings = {
				ALWAYS_SEARCH_USER_PATHS = NO;
				ASSETCATALOG_COMPILER_GENERATE_SWIFT_ASSET_SYMBOL_EXTENSIONS = YES;
				CLANG_ANALYZER_NONNULL = YES;
				CLANG_ANALYZER_NUMBER_OBJECT_CONVERSION = YES_AGGRESSIVE;
				CLANG_CXX_LANGUAGE_STANDARD = "gnu++20";
				CLANG_ENABLE_MODULES = YES;
				CLANG_ENABLE_OBJC_ARC = YES;
				CLANG_ENABLE_OBJC_WEAK = YES;
				CLANG_WARN_BLOCK_CAPTURE_AUTORELEASING = YES;
				CLANG_WARN_BOOL_CONVERSION = YES;
				CLANG_WARN_COMMA = YES;
				CLANG_WARN_CONSTANT_CONVERSION = YES;
				CLANG_WARN_DEPRECATED_OBJC_IMPLEMENTATIONS = YES;
				CLANG_WARN_DIRECT_OBJC_ISA_USAGE = YES_ERROR;
				CLANG_WARN_DOCUMENTATION_COMMENTS = YES;
				CLANG_WARN_EMPTY_BODY = YES;
				CLANG_WARN_ENUM_CONVERSION = YES;
				CLANG_WARN_INFINITE_RECURSION = YES;
				CLANG_WARN_INT_CONVERSION = YES;
				CLANG_WARN_NON_LITERAL_NULL_CONVERSION = YES;
				CLANG_WARN_OBJC_IMPLICIT_RETAIN_SELF = YES;
				CLANG_WARN_OBJC_LITERAL_CONVERSION = YES;
				CLANG_WARN_OBJC_ROOT_CLASS = YES_ERROR;
				CLANG_WARN_QUOTED_INCLUDE_IN_FRAMEWORK_HEADER = YES;
				CLANG_WARN_RANGE_LOOP_ANALYSIS = YES;
				CLANG_WARN_STRICT_PROTOTYPES = YES;
				CLANG_WARN_SUSPICIOUS_MOVE = YES;
				CLANG_WARN_UNGUARDED_AVAILABILITY = YES_AGGRESSIVE;
				CLANG_WARN_UNREACHABLE_CODE = YES;
				CLANG_WARN__DUPLICATE_METHOD_MATCH = YES;
				COPY_PHASE_STRIP = NO;
				DEBUG_INFORMATION_FORMAT = "dwarf-with-dsym";
				ENABLE_NS_ASSERTIONS = NO;
				ENABLE_STRICT_OBJC_MSGSEND = YES;
				ENABLE_USER_SCRIPT_SANDBOXING = YES;
				GCC_C_LANGUAGE_STANDARD = gnu17;
				GCC_NO_COMMON_BLOCKS = YES;
				GCC_WARN_64_TO_32_BIT_CONVERSION = YES;
				GCC_WARN_ABOUT_RETURN_TYPE = YES_ERROR;
				GCC_WARN_UNDECLARED_SELECTOR = YES;
				GCC_WARN_UNINITIALIZED_AUTOS = YES_AGGRESSIVE;
				GCC_WARN_UNUSED_FUNCTION = YES;
				GCC_WARN_UNUSED_VARIABLE = YES;
				IPHONEOS_DEPLOYMENT_TARGET = 18.2;
				LOCALIZATION_PREFERS_STRING_CATALOGS = YES;
				MTL_ENABLE_DEBUG_INFO = NO;
				MTL_FAST_MATH = YES;
				SDKROOT = iphoneos;
				SWIFT_COMPILATION_MODE = wholemodule;
				VALIDATE_PRODUCT = YES;
			};
			name = Release;
		};
		089C9E322D96A16900320FAC /* Debug */ = {
			isa = XCBuildConfiguration;
			buildSettings = {
				ASSETCATALOG_COMPILER_APPICON_NAME = AppIcon;
				ASSETCATALOG_COMPILER_GLOBAL_ACCENT_COLOR_NAME = AccentColor;
				CODE_SIGN_STYLE = Automatic;
				CURRENT_PROJECT_VERSION = 1;
				DEVELOPMENT_ASSET_PATHS = "\"InditexRickAndMorty/Preview Content\"";
				ENABLE_PREVIEWS = YES;
				GENERATE_INFOPLIST_FILE = YES;
				INFOPLIST_KEY_UIApplicationSceneManifest_Generation = YES;
				INFOPLIST_KEY_UIApplicationSupportsIndirectInputEvents = YES;
				INFOPLIST_KEY_UILaunchScreen_Generation = YES;
				INFOPLIST_KEY_UISupportedInterfaceOrientations_iPad = "UIInterfaceOrientationPortrait UIInterfaceOrientationPortraitUpsideDown UIInterfaceOrientationLandscapeLeft UIInterfaceOrientationLandscapeRight";
				INFOPLIST_KEY_UISupportedInterfaceOrientations_iPhone = "UIInterfaceOrientationPortrait UIInterfaceOrientationLandscapeLeft UIInterfaceOrientationLandscapeRight";
				LD_RUNPATH_SEARCH_PATHS = (
					"$(inherited)",
					"@executable_path/Frameworks",
				);
				MARKETING_VERSION = 1.0;
				PRODUCT_BUNDLE_IDENTIFIER = com.inditex.InditexRickAndMorty;
				PRODUCT_NAME = "$(TARGET_NAME)";
				SWIFT_EMIT_LOC_STRINGS = YES;
				SWIFT_VERSION = 5.0;
				TARGETED_DEVICE_FAMILY = "1,2";
			};
			name = Debug;
		};
		089C9E332D96A16900320FAC /* Release */ = {
			isa = XCBuildConfiguration;
			buildSettings = {
				ASSETCATALOG_COMPILER_APPICON_NAME = AppIcon;
				ASSETCATALOG_COMPILER_GLOBAL_ACCENT_COLOR_NAME = AccentColor;
				CODE_SIGN_STYLE = Automatic;
				CURRENT_PROJECT_VERSION = 1;
				DEVELOPMENT_ASSET_PATHS = "\"InditexRickAndMorty/Preview Content\"";
				ENABLE_PREVIEWS = YES;
				GENERATE_INFOPLIST_FILE = YES;
				INFOPLIST_KEY_UIApplicationSceneManifest_Generation = YES;
				INFOPLIST_KEY_UIApplicationSupportsIndirectInputEvents = YES;
				INFOPLIST_KEY_UILaunchScreen_Generation = YES;
				INFOPLIST_KEY_UISupportedInterfaceOrientations_iPad = "UIInterfaceOrientationPortrait UIInterfaceOrientationPortraitUpsideDown UIInterfaceOrientationLandscapeLeft UIInterfaceOrientationLandscapeRight";
				INFOPLIST_KEY_UISupportedInterfaceOrientations_iPhone = "UIInterfaceOrientationPortrait UIInterfaceOrientationLandscapeLeft UIInterfaceOrientationLandscapeRight";
				LD_RUNPATH_SEARCH_PATHS = (
					"$(inherited)",
					"@executable_path/Frameworks",
				);
				MARKETING_VERSION = 1.0;
				PRODUCT_BUNDLE_IDENTIFIER = com.inditex.InditexRickAndMorty;
				PRODUCT_NAME = "$(TARGET_NAME)";
				SWIFT_EMIT_LOC_STRINGS = YES;
				SWIFT_VERSION = 5.0;
				TARGETED_DEVICE_FAMILY = "1,2";
			};
			name = Release;
		};
		089C9E352D96A16900320FAC /* Debug */ = {
			isa = XCBuildConfiguration;
			buildSettings = {
				BUNDLE_LOADER = "$(TEST_HOST)";
				CODE_SIGN_STYLE = Automatic;
				CURRENT_PROJECT_VERSION = 1;
				GENERATE_INFOPLIST_FILE = YES;
				IPHONEOS_DEPLOYMENT_TARGET = 18.2;
				MARKETING_VERSION = 1.0;
				PRODUCT_BUNDLE_IDENTIFIER = com.inditex.InditexRickAndMortyTests;
				PRODUCT_NAME = "$(TARGET_NAME)";
				SWIFT_EMIT_LOC_STRINGS = NO;
				SWIFT_VERSION = 5.0;
				TARGETED_DEVICE_FAMILY = "1,2";
				TEST_HOST = "$(BUILT_PRODUCTS_DIR)/InditexRickAndMorty.app/$(BUNDLE_EXECUTABLE_FOLDER_PATH)/InditexRickAndMorty";
			};
			name = Debug;
		};
		089C9E362D96A16900320FAC /* Release */ = {
			isa = XCBuildConfiguration;
			buildSettings = {
				BUNDLE_LOADER = "$(TEST_HOST)";
				CODE_SIGN_STYLE = Automatic;
				CURRENT_PROJECT_VERSION = 1;
				GENERATE_INFOPLIST_FILE = YES;
				IPHONEOS_DEPLOYMENT_TARGET = 18.2;
				MARKETING_VERSION = 1.0;
				PRODUCT_BUNDLE_IDENTIFIER = com.inditex.InditexRickAndMortyTests;
				PRODUCT_NAME = "$(TARGET_NAME)";
				SWIFT_EMIT_LOC_STRINGS = NO;
				SWIFT_VERSION = 5.0;
				TARGETED_DEVICE_FAMILY = "1,2";
				TEST_HOST = "$(BUILT_PRODUCTS_DIR)/InditexRickAndMorty.app/$(BUNDLE_EXECUTABLE_FOLDER_PATH)/InditexRickAndMorty";
			};
			name = Release;
		};
		089C9E382D96A16900320FAC /* Debug */ = {
			isa = XCBuildConfiguration;
			buildSettings = {
				CODE_SIGN_STYLE = Automatic;
				CURRENT_PROJECT_VERSION = 1;
				GENERATE_INFOPLIST_FILE = YES;
				MARKETING_VERSION = 1.0;
				PRODUCT_BUNDLE_IDENTIFIER = com.inditex.InditexRickAndMortyUITests;
				PRODUCT_NAME = "$(TARGET_NAME)";
				SWIFT_EMIT_LOC_STRINGS = NO;
				SWIFT_VERSION = 5.0;
				TARGETED_DEVICE_FAMILY = "1,2";
				TEST_TARGET_NAME = InditexRickAndMorty;
			};
			name = Debug;
		};
		089C9E392D96A16900320FAC /* Release */ = {
			isa = XCBuildConfiguration;
			buildSettings = {
				CODE_SIGN_STYLE = Automatic;
				CURRENT_PROJECT_VERSION = 1;
				GENERATE_INFOPLIST_FILE = YES;
				MARKETING_VERSION = 1.0;
				PRODUCT_BUNDLE_IDENTIFIER = com.inditex.InditexRickAndMortyUITests;
				PRODUCT_NAME = "$(TARGET_NAME)";
				SWIFT_EMIT_LOC_STRINGS = NO;
				SWIFT_VERSION = 5.0;
				TARGETED_DEVICE_FAMILY = "1,2";
				TEST_TARGET_NAME = InditexRickAndMorty;
			};
			name = Release;
		};
/* End XCBuildConfiguration section */

/* Begin XCConfigurationList section */
		089C9E082D96A16600320FAC /* Build configuration list for PBXProject "InditexRickAndMorty" */ = {
			isa = XCConfigurationList;
			buildConfigurations = (
				089C9E2F2D96A16900320FAC /* Debug */,
				089C9E302D96A16900320FAC /* Release */,
			);
			defaultConfigurationIsVisible = 0;
			defaultConfigurationName = Release;
		};
		089C9E312D96A16900320FAC /* Build configuration list for PBXNativeTarget "InditexRickAndMorty" */ = {
			isa = XCConfigurationList;
			buildConfigurations = (
				089C9E322D96A16900320FAC /* Debug */,
				089C9E332D96A16900320FAC /* Release */,
			);
			defaultConfigurationIsVisible = 0;
			defaultConfigurationName = Release;
		};
		089C9E342D96A16900320FAC /* Build configuration list for PBXNativeTarget "InditexRickAndMortyTests" */ = {
			isa = XCConfigurationList;
			buildConfigurations = (
				089C9E352D96A16900320FAC /* Debug */,
				089C9E362D96A16900320FAC /* Release */,
			);
			defaultConfigurationIsVisible = 0;
			defaultConfigurationName = Release;
		};
		089C9E372D96A16900320FAC /* Build configuration list for PBXNativeTarget "InditexRickAndMortyUITests" */ = {
			isa = XCConfigurationList;
			buildConfigurations = (
				089C9E382D96A16900320FAC /* Debug */,
				089C9E392D96A16900320FAC /* Release */,
			);
			defaultConfigurationIsVisible = 0;
			defaultConfigurationName = Release;
		};
/* End XCConfigurationList section */
	};
	rootObject = 089C9E052D96A16600320FAC /* Project object */;
}
